
Microsoft Visual Studio Solution File, Format Version 12.00
# Visual Studio Version 16
VisualStudioVersion = 16.0.30711.63
MinimumVisualStudioVersion = 10.0.40219.1
Project("{FAE04EC0-301F-11D3-BF4B-00C04F79EFBC}") = "MaximumStringInstances", "MaximumStringInstances\MaximumStringInstances.csproj", "{E602F8A2-CDE4-45ED-801F-DF2FCE50FBBA}"
EndProject
Global
	GlobalSection(SolutionConfigurationPlatforms) = preSolution
		Debug|Any CPU = Debug|Any CPU
		Release|Any CPU = Release|Any CPU
	EndGlobalSection
	GlobalSection(ProjectConfigurationPlatforms) = postSolution
		{E602F8A2-CDE4-45ED-801F-DF2FCE50FBBA}.Debug|Any CPU.ActiveCfg = Debug|Any CPU
		{E602F8A2-CDE4-45ED-801F-DF2FCE50FBBA}.Debug|Any CPU.Build.0 = Debug|Any CPU
		{E602F8A2-CDE4-45ED-801F-DF2FCE50FBBA}.Release|Any CPU.ActiveCfg = Release|Any CPU
		{E602F8A2-CDE4-45ED-801F-DF2FCE50FBBA}.Release|Any CPU.Build.0 = Release|Any CPU
	EndGlobalSection
	GlobalSection(SolutionProperties) = preSolution
		HideSolutionNode = FALSE
	EndGlobalSection
	GlobalSection(ExtensibilityGlobals) = postSolution
		SolutionGuid = {C5832C0E-D4C4-4813-BC8B-E7510ECFB6E9}
	EndGlobalSection
EndGlobal
